
Microsoft Visual Studio Solution File, Format Version 12.00
# Visual Studio Version 17
VisualStudioVersion = 17.0.31919.166
MinimumVisualStudioVersion = 10.0.40219.1
Project("{9A19103F-16F7-4668-BE54-9A1E7A4F7556}") = "Grafos", "Grafos\Grafos.csproj", "{19E39963-3558-4FE8-A341-7C5230521994}"
EndProject
Project("{FAE04EC0-301F-11D3-BF4B-00C04F79EFBC}") = "Inicio", "Inicio\Inicio.csproj", "{6B3DDB7A-B5F3-498F-83E5-2E3C0D8D8CCA}"
EndProject
Global
	GlobalSection(SolutionConfigurationPlatforms) = preSolution
		Debug|Any CPU = Debug|Any CPU
		Release|Any CPU = Release|Any CPU
	EndGlobalSection
	GlobalSection(ProjectConfigurationPlatforms) = postSolution
		{19E39963-3558-4FE8-A341-7C5230521994}.Debug|Any CPU.ActiveCfg = Debug|Any CPU
		{19E39963-3558-4FE8-A341-7C5230521994}.Debug|Any CPU.Build.0 = Debug|Any CPU
		{19E39963-3558-4FE8-A341-7C5230521994}.Release|Any CPU.ActiveCfg = Release|Any CPU
		{19E39963-3558-4FE8-A341-7C5230521994}.Release|Any CPU.Build.0 = Release|Any CPU
		{6B3DDB7A-B5F3-498F-83E5-2E3C0D8D8CCA}.Debug|Any CPU.ActiveCfg = Debug|Any CPU
		{6B3DDB7A-B5F3-498F-83E5-2E3C0D8D8CCA}.Debug|Any CPU.Build.0 = Debug|Any CPU
		{6B3DDB7A-B5F3-498F-83E5-2E3C0D8D8CCA}.Release|Any CPU.ActiveCfg = Release|Any CPU
		{6B3DDB7A-B5F3-498F-83E5-2E3C0D8D8CCA}.Release|Any CPU.Build.0 = Release|Any CPU
	EndGlobalSection
	GlobalSection(SolutionProperties) = preSolution
		HideSolutionNode = FALSE
	EndGlobalSection
	GlobalSection(ExtensibilityGlobals) = postSolution
		SolutionGuid = {27C06602-670C-4A3C-BBE1-3EEE19ED3D3F}
	EndGlobalSection
EndGlobal
